PODS:
  - FlutterMacOS (1.0.0)
  - ObjectBox (1.8.1-rc)
  - objectbox_flutter_libs (0.0.1):
    - FlutterMacOS
    - ObjectBox (= 1.8.1-rc)
  - path_provider_macos (0.0.1):
    - FlutterMacOS

DEPENDENCIES:
  - FlutterMacOS (from `Flutter/ephemeral`)
  - objectbox_flutter_libs (from `Flutter/ephemeral/.symlinks/plugins/objectbox_flutter_libs/macos`)
  - path_provider_macos (from `Flutter/ephemeral/.symlinks/plugins/path_provider_macos/macos`)

SPEC REPOS:
  trunk:
    - ObjectBox

EXTERNAL SOURCES:
  FlutterMacOS:
    :path: Flutter/ephemeral
  objectbox_flutter_libs:
    :path: Flutter/ephemeral/.symlinks/plugins/objectbox_flutter_libs/macos
  path_provider_macos:
    :path: Flutter/ephemeral/.symlinks/plugins/path_provider_macos/macos

SPEC CHECKSUMS:
  FlutterMacOS: ae6af50a8ea7d6103d888583d46bd8328a7e9811
  ObjectBox: 7615cc462f2976cb45127d301a17cb473edf3f9e
  objectbox_flutter_libs: 7de4bdfe46074ffc177e194e2e9c4e39ce19d73d
  path_provider_macos: 3c0c3b4b0d4a76d2bf989a913c2de869c5641a19

PODFILE CHECKSUM: 6eac6b3292e5142cfc23bdeb71848a40ec51c14c

COCOAPODS: 1.11.3
